Microsoft Visual Studio Solution File, Format Version 12.00
# Visual Studio Version 17
VisualStudioVersion = 17.5.2.0
MinimumVisualStudioVersion = 10.0.40219.1
Project("{FAE04EC0-301F-11D3-BF4B-00C04F79EFBC}") = "logandtrac", "logandtrac.csproj", "{C7CACB47-AD2B-2D94-FF3F-2F8866861232}"
EndProject
Global
	GlobalSection(SolutionConfigurationPlatforms) = preSolution
		Debug|Any CPU = Debug|Any CPU
		Release|Any CPU = Release|Any CPU
	EndGlobalSection
	GlobalSection(ProjectConfigurationPlatforms) = postSolution
		{C7CACB47-AD2B-2D94-FF3F-2F8866861232}.Debug|Any CPU.ActiveCfg = Debug|Any CPU
		{C7CACB47-AD2B-2D94-FF3F-2F8866861232}.Debug|Any CPU.Build.0 = Debug|Any CPU
		{C7CACB47-AD2B-2D94-FF3F-2F8866861232}.Release|Any CPU.ActiveCfg = Release|Any CPU
		{C7CACB47-AD2B-2D94-FF3F-2F8866861232}.Release|Any CPU.Build.0 = Release|Any CPU
	EndGlobalSection
	GlobalSection(SolutionProperties) = preSolution
		HideSolutionNode = FALSE
	EndGlobalSection
	GlobalSection(ExtensibilityGlobals) = postSolution
		SolutionGuid = {FEAFCEB1-19B2-4090-984F-693DC1C023CD}
	EndGlobalSection
EndGlobal
